// !$*UTF8*$!
{
	archiveVersion = 1;
	classes = {
	};
	objectVersion = 50;
	objects = {

/* Begin PBXBuildFile section */
		EA6070FF251EF95700FA8423 /* LobsterTwo-Regular.ttf in Resources */ = {isa = PBXBuildFile; fileRef = EA6070FE251EF95700FA8423 /* LobsterTwo-Regular.ttf */; };
		EA607104251EF96100FA8423 /* LobsterTwo-Bold.ttf in Resources */ = {isa = PBXBuildFile; fileRef = EA607103251EF96100FA8423 /* LobsterTwo-Bold.ttf */; };
		EA607109251EF97A00FA8423 /* BerkshireSwash-Regular.ttf in Resources */ = {isa = PBXBuildFile; fileRef = EA607108251EF97A00FA8423 /* BerkshireSwash-Regular.ttf */; };
		EA60710E251EFA9F00FA8423 /* AliandoRocky.ttf in Resources */ = {isa = PBXBuildFile; fileRef = EA60710D251EFA9F00FA8423 /* AliandoRocky.ttf */; };
		EAD0A2B9251B20A200A848CC /* WakeRatingsApp.swift in Sources */ = {isa = PBXBuildFile; fileRef = EAD0A2B8251B20A200A848CC /* WakeRatingsApp.swift */; };
		EAD0A2BB251B20A200A848CC /* ContentView.swift in Sources */ = {isa = PBXBuildFile; fileRef = EAD0A2BA251B20A200A848CC /* ContentView.swift */; };
		EAD0A2BD251B20A300A848CC /* Assets.xcassets in Resources */ = {isa = PBXBuildFile; fileRef = EAD0A2BC251B20A300A848CC /* Assets.xcassets */; };
		EAD0A2C0251B20A300A848CC /* Preview Assets.xcassets in Resources */ = {isa = PBXBuildFile; fileRef = EAD0A2BF251B20A300A848CC /* Preview Assets.xcassets */; };
		EAD0A2CB251B20A400A848CC /* WakeRatingsTests.swift in Sources */ = {isa = PBXBuildFile; fileRef = EAD0A2CA251B20A400A848CC /* WakeRatingsTests.swift */; };
		EAD0A2D6251B20A400A848CC /* WakeRatingsUITests.swift in Sources */ = {isa = PBXBuildFile; fileRef = EAD0A2D5251B20A400A848CC /* WakeRatingsUITests.swift */; };
		EAD0A305251C291800A848CC /* calibri.ttf in Resources */ = {isa = PBXBuildFile; fileRef = EAD0A304251C291800A848CC /* calibri.ttf */; };
		EAD0A30A251C292300A848CC /* CALIBRIB.TTF in Resources */ = {isa = PBXBuildFile; fileRef = EAD0A309251C292300A848CC /* CALIBRIB.TTF */; };
		EAD0A310251C295600A848CC /* RockoFLF.ttf in Resources */ = {isa = PBXBuildFile; fileRef = EAD0A30E251C295500A848CC /* RockoFLF.ttf */; };
		EAD0A311251C295600A848CC /* RockoFLF-Bold.ttf in Resources */ = {isa = PBXBuildFile; fileRef = EAD0A30F251C295500A848CC /* RockoFLF-Bold.ttf */; };
/* End PBXBuildFile section */

/* Begin PBXContainerItemProxy section */
		EAD0A2C7251B20A400A848CC /* PBXContainerItemProxy */ = {
			isa = PBXContainerItemProxy;
			containerPortal = EAD0A2AD251B20A100A848CC /* Project object */;
			proxyType = 1;
			remoteGlobalIDString = EAD0A2B4251B20A200A848CC;
			remoteInfo = WakeRatings;
		};
		EAD0A2D2251B20A400A848CC /* PBXContainerItemProxy */ = {
			isa = PBXContainerItemProxy;
			containerPortal = EAD0A2AD251B20A100A848CC /* Project object */;
			proxyType = 1;
			remoteGlobalIDString = EAD0A2B4251B20A200A848CC;
			remoteInfo = WakeRatings;
		};
/* End PBXContainerItemProxy section */

/* Begin PBXFileReference section */
		EA6070FE251EF95700FA8423 /* LobsterTwo-Regular.ttf */ = {isa = PBXFileReference; lastKnownFileType = file; path = "LobsterTwo-Regular.ttf"; sourceTree = "<group>"; };
		EA607103251EF96100FA8423 /* LobsterTwo-Bold.ttf */ = {isa = PBXFileReference; lastKnownFileType = file; path = "LobsterTwo-Bold.ttf"; sourceTree = "<group>"; };
		EA607108251EF97A00FA8423 /* BerkshireSwash-Regular.ttf */ = {isa = PBXFileReference; lastKnownFileType = file; path = "BerkshireSwash-Regular.ttf"; sourceTree = "<group>"; };
		EA60710D251EFA9F00FA8423 /* AliandoRocky.ttf */ = {isa = PBXFileReference; lastKnownFileType = file; path = AliandoRocky.ttf; sourceTree = "<group>"; };
		EAD0A2B5251B20A200A848CC /* WakeRatings.app */ = {isa = PBXFileReference; explicitFileType = wrapper.application; includeInIndex = 0; path = WakeRatings.app; sourceTree = BUILT_PRODUCTS_DIR; };
		EAD0A2B8251B20A200A848CC /* WakeRatingsApp.swift */ = {isa = PBXFileReference; lastKnownFileType = sourcecode.swift; path = WakeRatingsApp.swift; sourceTree = "<group>"; };
		EAD0A2BA251B20A200A848CC /* ContentView.swift */ = {isa = PBXFileReference; lastKnownFileType = sourcecode.swift; path = ContentView.swift; sourceTree = "<group>"; };
		EAD0A2BC251B20A300A848CC /* Assets.xcassets */ = {isa = PBXFileReference; lastKnownFileType = folder.assetcatalog; path = Assets.xcassets; sourceTree = "<group>"; };
		EAD0A2BF251B20A300A848CC /* Preview Assets.xcassets */ = {isa = PBXFileReference; lastKnownFileType = folder.assetcatalog; path = "Preview Assets.xcassets"; sourceTree = "<group>"; };
		EAD0A2C1251B20A300A848CC /* Info.plist */ = {isa = PBXFileReference; lastKnownFileType = text.plist.xml; path = Info.plist; sourceTree = "<group>"; };
		EAD0A2C6251B20A400A848CC /* WakeRatingsTests.xctest */ = {isa = PBXFileReference; explicitFileType = wrapper.cfbundle; includeInIndex = 0; path = WakeRatingsTests.xctest; sourceTree = BUILT_PRODUCTS_DIR; };
		EAD0A2CA251B20A400A848CC /* WakeRatingsTests.swift */ = {isa = PBXFileReference; lastKnownFileType = sourcecode.swift; path = WakeRatingsTests.swift; sourceTree = "<group>"; };
		EAD0A2CC251B20A400A848CC /* Info.plist */ = {isa = PBXFileReference; lastKnownFileType = text.plist.xml; path = Info.plist; sourceTree = "<group>"; };
		EAD0A2D1251B20A400A848CC /* WakeRatingsUITests.xctest */ = {isa = PBXFileReference; explicitFileType = wrapper.cfbundle; includeInIndex = 0; path = WakeRatingsUITests.xctest; sourceTree = BUILT_PRODUCTS_DIR; };
		EAD0A2D5251B20A400A848CC /* WakeRatingsUITests.swift */ = {isa = PBXFileReference; lastKnownFileType = sourcecode.swift; path = WakeRatingsUITests.swift; sourceTree = "<group>"; };
		EAD0A2D7251B20A400A848CC /* Info.plist */ = {isa = PBXFileReference; lastKnownFileType = text.plist.xml; path = Info.plist; sourceTree = "<group>"; };
		EAD0A304251C291800A848CC /* calibri.ttf */ = {isa = PBXFileReference; lastKnownFileType = file; path = calibri.ttf; sourceTree = "<group>"; };
		EAD0A309251C292300A848CC /* CALIBRIB.TTF */ = {isa = PBXFileReference; lastKnownFileType = file; path = CALIBRIB.TTF; sourceTree = "<group>"; };
		EAD0A30E251C295500A848CC /* RockoFLF.ttf */ = {isa = PBXFileReference; lastKnownFileType = file; path = RockoFLF.ttf; sourceTree = "<group>"; };
		EAD0A30F251C295500A848CC /* RockoFLF-Bold.ttf */ = {isa = PBXFileReference; lastKnownFileType = file; path = "RockoFLF-Bold.ttf"; sourceTree = "<group>"; };
/* End PBXFileReference section */

/* Begin PBXFrameworksBuildPhase section */
		EAD0A2B2251B20A200A848CC /* Frameworks */ = {
			isa = PBXFrameworksBuildPhase;
			buildActionMask = 2147483647;
			files = (
			);
			runOnlyForDeploymentPostprocessing = 0;
		};
		EAD0A2C3251B20A400A848CC /* Frameworks */ = {
			isa = PBXFrameworksBuildPhase;
			buildActionMask = 2147483647;
			files = (
			);
			runOnlyForDeploymentPostprocessing = 0;
		};
		EAD0A2CE251B20A400A848CC /* Frameworks */ = {
			isa = PBXFrameworksBuildPhase;
			buildActionMask = 2147483647;
			files = (
			);
			runOnlyForDeploymentPostprocessing = 0;
		};
/* End PBXFrameworksBuildPhase section */

/* Begin PBXGroup section */
		EAD0A2AC251B20A100A848CC = {
			isa = PBXGroup;
			children = (
				EAD0A2B7251B20A200A848CC /* WakeRatings */,
				EAD0A2C9251B20A400A848CC /* WakeRatingsTests */,
				EAD0A2D4251B20A400A848CC /* WakeRatingsUITests */,
				EAD0A2B6251B20A200A848CC /* Products */,
			);
			sourceTree = "<group>";
		};
		EAD0A2B6251B20A200A848CC /* Products */ = {
			isa = PBXGroup;
			children = (
				EAD0A2B5251B20A200A848CC /* WakeRatings.app */,
				EAD0A2C6251B20A400A848CC /* WakeRatingsTests.xctest */,
				EAD0A2D1251B20A400A848CC /* WakeRatingsUITests.xctest */,
			);
			name = Products;
			sourceTree = "<group>";
		};
		EAD0A2B7251B20A200A848CC /* WakeRatings */ = {
			isa = PBXGroup;
			children = (
				EAD0A303251C000900A848CC /* Fonts */,
				EAD0A2B8251B20A200A848CC /* WakeRatingsApp.swift */,
				EAD0A2BA251B20A200A848CC /* ContentView.swift */,
				EAD0A2BC251B20A300A848CC /* Assets.xcassets */,
				EAD0A2C1251B20A300A848CC /* Info.plist */,
				EAD0A2BE251B20A300A848CC /* Preview Content */,
			);
			path = WakeRatings;
			sourceTree = "<group>";
		};
		EAD0A2BE251B20A300A848CC /* Preview Content */ = {
			isa = PBXGroup;
			children = (
				EAD0A2BF251B20A300A848CC /* Preview Assets.xcassets */,
			);
			path = "Preview Content";
			sourceTree = "<group>";
		};
		EAD0A2C9251B20A400A848CC /* WakeRatingsTests */ = {
			isa = PBXGroup;
			children = (
				EAD0A2CA251B20A400A848CC /* WakeRatingsTests.swift */,
				EAD0A2CC251B20A400A848CC /* Info.plist */,
			);
			path = WakeRatingsTests;
			sourceTree = "<group>";
		};
		EAD0A2D4251B20A400A848CC /* WakeRatingsUITests */ = {
			isa = PBXGroup;
			children = (
				EAD0A2D5251B20A400A848CC /* WakeRatingsUITests.swift */,
				EAD0A2D7251B20A400A848CC /* Info.plist */,
			);
			path = WakeRatingsUITests;
			sourceTree = "<group>";
		};
		EAD0A303251C000900A848CC /* Fonts */ = {
			isa = PBXGroup;
			children = (
				EA6070FE251EF95700FA8423 /* LobsterTwo-Regular.ttf */,
				EA607103251EF96100FA8423 /* LobsterTwo-Bold.ttf */,
				EA607108251EF97A00FA8423 /* BerkshireSwash-Regular.ttf */,
				EAD0A30F251C295500A848CC /* RockoFLF-Bold.ttf */,
				EAD0A30E251C295500A848CC /* RockoFLF.ttf */,
				EAD0A309251C292300A848CC /* CALIBRIB.TTF */,
				EAD0A304251C291800A848CC /* calibri.ttf */,
				EA60710D251EFA9F00FA8423 /* AliandoRocky.ttf */,
			);
			path = Fonts;
			sourceTree = "<group>";
		};
/* End PBXGroup section */

/* Begin PBXNativeTarget section */
		EAD0A2B4251B20A200A848CC /* WakeRatings */ = {
			isa = PBXNativeTarget;
			buildConfigurationList = EAD0A2DA251B20A400A848CC /* Build configuration list for PBXNativeTarget "WakeRatings" */;
			buildPhases = (
				EAD0A2B1251B20A200A848CC /* Sources */,
				EAD0A2B2251B20A200A848CC /* Frameworks */,
				EAD0A2B3251B20A200A848CC /* Resources */,
			);
			buildRules = (
			);
			dependencies = (
			);
			name = WakeRatings;
			productName = WakeRatings;
			productReference = EAD0A2B5251B20A200A848CC /* WakeRatings.app */;
			productType = "com.apple.product-type.application";
		};
		EAD0A2C5251B20A400A848CC /* WakeRatingsTests */ = {
			isa = PBXNativeTarget;
			buildConfigurationList = EAD0A2DD251B20A400A848CC /* Build configuration list for PBXNativeTarget "WakeRatingsTests" */;
			buildPhases = (
				EAD0A2C2251B20A400A848CC /* Sources */,
				EAD0A2C3251B20A400A848CC /* Frameworks */,
				EAD0A2C4251B20A400A848CC /* Resources */,
			);
			buildRules = (
			);
			dependencies = (
				EAD0A2C8251B20A400A848CC /* PBXTargetDependency */,
			);
			name = WakeRatingsTests;
			productName = WakeRatingsTests;
			productReference = EAD0A2C6251B20A400A848CC /* WakeRatingsTests.xctest */;
			productType = "com.apple.product-type.bundle.unit-test";
		};
		EAD0A2D0251B20A400A848CC /* WakeRatingsUITests */ = {
			isa = PBXNativeTarget;
			buildConfigurationList = EAD0A2E0251B20A400A848CC /* Build configuration list for PBXNativeTarget "WakeRatingsUITests" */;
			buildPhases = (
				EAD0A2CD251B20A400A848CC /* Sources */,
				EAD0A2CE251B20A400A848CC /* Frameworks */,
				EAD0A2CF251B20A400A848CC /* Resources */,
			);
			buildRules = (
			);
			dependencies = (
				EAD0A2D3251B20A400A848CC /* PBXTargetDependency */,
			);
			name = WakeRatingsUITests;
			productName = WakeRatingsUITests;
			productReference = EAD0A2D1251B20A400A848CC /* WakeRatingsUITests.xctest */;
			productType = "com.apple.product-type.bundle.ui-testing";
		};
/* End PBXNativeTarget section */

/* Begin PBXProject section */
		EAD0A2AD251B20A100A848CC /* Project object */ = {
			isa = PBXProject;
			attributes = {
				LastSwiftUpdateCheck = 1200;
				LastUpgradeCheck = 1200;
				TargetAttributes = {
					EAD0A2B4251B20A200A848CC = {
						CreatedOnToolsVersion = 12.0;
					};
					EAD0A2C5251B20A400A848CC = {
						CreatedOnToolsVersion = 12.0;
						TestTargetID = EAD0A2B4251B20A200A848CC;
					};
					EAD0A2D0251B20A400A848CC = {
						CreatedOnToolsVersion = 12.0;
						TestTargetID = EAD0A2B4251B20A200A848CC;
					};
				};
			};
			buildConfigurationList = EAD0A2B0251B20A100A848CC /* Build configuration list for PBXProject "WakeRatings" */;
			compatibilityVersion = "Xcode 9.3";
			developmentRegion = en;
			hasScannedForEncodings = 0;
			knownRegions = (
				en,
				Base,
			);
			mainGroup = EAD0A2AC251B20A100A848CC;
			productRefGroup = EAD0A2B6251B20A200A848CC /* Products */;
			projectDirPath = "";
			projectRoot = "";
			targets = (
				EAD0A2B4251B20A200A848CC /* WakeRatings */,
				EAD0A2C5251B20A400A848CC /* WakeRatingsTests */,
				EAD0A2D0251B20A400A848CC /* WakeRatingsUITests */,
			);
		};
/* End PBXProject section */

/* Begin PBXResourcesBuildPhase section */
		EAD0A2B3251B20A200A848CC /* Resources */ = {
			isa = PBXResourcesBuildPhase;
			buildActionMask = 2147483647;
			files = (
				EAD0A30A251C292300A848CC /* CALIBRIB.TTF in Resources */,
				EA6070FF251EF95700FA8423 /* LobsterTwo-Regular.ttf in Resources */,
				EA607104251EF96100FA8423 /* LobsterTwo-Bold.ttf in Resources */,
				EAD0A2C0251B20A300A848CC /* Preview Assets.xcassets in Resources */,
				EAD0A305251C291800A848CC /* calibri.ttf in Resources */,
				EAD0A2BD251B20A300A848CC /* Assets.xcassets in Resources */,
				EA60710E251EFA9F00FA8423 /* AliandoRocky.ttf in Resources */,
				EA607109251EF97A00FA8423 /* BerkshireSwash-Regular.ttf in Resources */,
				EAD0A310251C295600A848CC /* RockoFLF.ttf in Resources */,
				EAD0A311251C295600A848CC /* RockoFLF-Bold.ttf in Resources */,
			);
			runOnlyForDeploymentPostprocessing = 0;
		};
		EAD0A2C4251B20A400A848CC /* Resources */ = {
			isa = PBXResourcesBuildPhase;
			buildActionMask = 2147483647;
			files = (
			);
			runOnlyForDeploymentPostprocessing = 0;
		};
		EAD0A2CF251B20A400A848CC /* Resources */ = {
			isa = PBXResourcesBuildPhase;
			buildActionMask = 2147483647;
			files = (
			);
			runOnlyForDeploymentPostprocessing = 0;
		};
/* End PBXResourcesBuildPhase section */

/* Begin PBXSourcesBuildPhase section */
		EAD0A2B1251B20A200A848CC /* Sources */ = {
			isa = PBXSourcesBuildPhase;
			buildActionMask = 2147483647;
			files = (
				EAD0A2BB251B20A200A848CC /* ContentView.swift in Sources */,
				EAD0A2B9251B20A200A848CC /* WakeRatingsApp.swift in Sources */,
			);
			runOnlyForDeploymentPostprocessing = 0;
		};
		EAD0A2C2251B20A400A848CC /* Sources */ = {
			isa = PBXSourcesBuildPhase;
			buildActionMask = 2147483647;
			files = (
				EAD0A2CB251B20A400A848CC /* WakeRatingsTests.swift in Sources */,
			);
			runOnlyForDeploymentPostprocessing = 0;
		};
		EAD0A2CD251B20A400A848CC /* Sources */ = {
			isa = PBXSourcesBuildPhase;
			buildActionMask = 2147483647;
			files = (
				EAD0A2D6251B20A400A848CC /* WakeRatingsUITests.swift in Sources */,
			);
			runOnlyForDeploymentPostprocessing = 0;
		};
/* End PBXSourcesBuildPhase section */

/* Begin PBXTargetDependency section */
		EAD0A2C8251B20A400A848CC /* PBXTargetDependency */ = {
			isa = PBXTargetDependency;
			target = EAD0A2B4251B20A200A848CC /* WakeRatings */;
			targetProxy = EAD0A2C7251B20A400A848CC /* PBXContainerItemProxy */;
		};
		EAD0A2D3251B20A400A848CC /* PBXTargetDependency */ = {
			isa = PBXTargetDependency;
			target = EAD0A2B4251B20A200A848CC /* WakeRatings */;
			targetProxy = EAD0A2D2251B20A400A848CC /* PBXContainerItemProxy */;
		};
/* End PBXTargetDependency section */

/* Begin XCBuildConfiguration section */
		EAD0A2D8251B20A400A848CC /* Debug */ = {
			isa = XCBuildConfiguration;
			buildSettings = {
				ALWAYS_SEARCH_USER_PATHS = NO;
				CLANG_ANALYZER_NONNULL = YES;
				CLANG_ANALYZER_NUMBER_OBJECT_CONVERSION = YES_AGGRESSIVE;
				CLANG_CXX_LANGUAGE_STANDARD = "gnu++14";
				CLANG_CXX_LIBRARY = "libc++";
				CLANG_ENABLE_MODULES = YES;
				CLANG_ENABLE_OBJC_ARC = YES;
				CLANG_ENABLE_OBJC_WEAK = YES;
				CLANG_WARN_BLOCK_CAPTURE_AUTORELEASING = YES;
				CLANG_WARN_BOOL_CONVERSION = YES;
				CLANG_WARN_COMMA = YES;
				CLANG_WARN_CONSTANT_CONVERSION = YES;
				CLANG_WARN_DEPRECATED_OBJC_IMPLEMENTATIONS = YES;
				CLANG_WARN_DIRECT_OBJC_ISA_USAGE = YES_ERROR;
				CLANG_WARN_DOCUMENTATION_COMMENTS = YES;
				CLANG_WARN_EMPTY_BODY = YES;
				CLANG_WARN_ENUM_CONVERSION = YES;
				CLANG_WARN_INFINITE_RECURSION = YES;
				CLANG_WARN_INT_CONVERSION = YES;
				CLANG_WARN_NON_LITERAL_NULL_CONVERSION = YES;
				CLANG_WARN_OBJC_IMPLICIT_RETAIN_SELF = YES;
				CLANG_WARN_OBJC_LITERAL_CONVERSION = YES;
				CLANG_WARN_OBJC_ROOT_CLASS = YES_ERROR;
				CLANG_WARN_QUOTED_INCLUDE_IN_FRAMEWORK_HEADER = YES;
				CLANG_WARN_RANGE_LOOP_ANALYSIS = YES;
				CLANG_WARN_STRICT_PROTOTYPES = YES;
				CLANG_WARN_SUSPICIOUS_MOVE = YES;
				CLANG_WARN_UNGUARDED_AVAILABILITY = YES_AGGRESSIVE;
				CLANG_WARN_UNREACHABLE_CODE = YES;
				CLANG_WARN__DUPLICATE_METHOD_MATCH = YES;
				COPY_PHASE_STRIP = NO;
				DEBUG_INFORMATION_FORMAT = dwarf;
				ENABLE_STRICT_OBJC_MSGSEND = YES;
				ENABLE_TESTABILITY = YES;
				GCC_C_LANGUAGE_STANDARD = gnu11;
				GCC_DYNAMIC_NO_PIC = NO;
				GCC_NO_COMMON_BLOCKS = YES;
				GCC_OPTIMIZATION_LEVEL = 0;
				GCC_PREPROCESSOR_DEFINITIONS = (
					"DEBUG=1",
					"$(inherited)",
				);
				GCC_WARN_64_TO_32_BIT_CONVERSION = YES;
				GCC_WARN_ABOUT_RETURN_TYPE = YES_ERROR;
				GCC_WARN_UNDECLARED_SELECTOR = YES;
				GCC_WARN_UNINITIALIZED_AUTOS = YES_AGGRESSIVE;
				GCC_WARN_UNUSED_FUNCTION = YES;
				GCC_WARN_UNUSED_VARIABLE = YES;
				IPHONEOS_DEPLOYMENT_TARGET = 14.0;
				MTL_ENABLE_DEBUG_INFO = INCLUDE_SOURCE;
				MTL_FAST_MATH = YES;
				ONLY_ACTIVE_ARCH = YES;
				SDKROOT = iphoneos;
				SWIFT_ACTIVE_COMPILATION_CONDITIONS = DEBUG;
				SWIFT_OPTIMIZATION_LEVEL = "-Onone";
			};
			name = Debug;
		};
		EAD0A2D9251B20A400A848CC /* Release */ = {
			isa = XCBuildConfiguration;
			buildSettings = {
				ALWAYS_SEARCH_USER_PATHS = NO;
				CLANG_ANALYZER_NONNULL = YES;
				CLANG_ANALYZER_NUMBER_OBJECT_CONVERSION = YES_AGGRESSIVE;
				CLANG_CXX_LANGUAGE_STANDARD = "gnu++14";
				CLANG_CXX_LIBRARY = "libc++";
				CLANG_ENABLE_MODULES = YES;
				CLANG_ENABLE_OBJC_ARC = YES;
				CLANG_ENABLE_OBJC_WEAK = YES;
				CLANG_WARN_BLOCK_CAPTURE_AUTORELEASING = YES;
				CLANG_WARN_BOOL_CONVERSION = YES;
				CLANG_WARN_COMMA = YES;
				CLANG_WARN_CONSTANT_CONVERSION = YES;
				CLANG_WARN_DEPRECATED_OBJC_IMPLEMENTATIONS = YES;
				CLANG_WARN_DIRECT_OBJC_ISA_USAGE = YES_ERROR;
				CLANG_WARN_DOCUMENTATION_COMMENTS = YES;
				CLANG_WARN_EMPTY_BODY = YES;
				CLANG_WARN_ENUM_CONVERSION = YES;
				CLANG_WARN_INFINITE_RECURSION = YES;
				CLANG_WARN_INT_CONVERSION = YES;
				CLANG_WARN_NON_LITERAL_NULL_CONVERSION = YES;
				CLANG_WARN_OBJC_IMPLICIT_RETAIN_SELF = YES;
				CLANG_WARN_OBJC_LITERAL_CONVERSION = YES;
				CLANG_WARN_OBJC_ROOT_CLASS = YES_ERROR;
				CLANG_WARN_QUOTED_INCLUDE_IN_FRAMEWORK_HEADER = YES;
				CLANG_WARN_RANGE_LOOP_ANALYSIS = YES;
				CLANG_WARN_STRICT_PROTOTYPES = YES;
				CLANG_WARN_SUSPICIOUS_MOVE = YES;
				CLANG_WARN_UNGUARDED_AVAILABILITY = YES_AGGRESSIVE;
				CLANG_WARN_UNREACHABLE_CODE = YES;
				CLANG_WARN__DUPLICATE_METHOD_MATCH = YES;
				COPY_PHASE_STRIP = NO;
				DEBUG_INFORMATION_FORMAT = "dwarf-with-dsym";
				ENABLE_NS_ASSERTIONS = NO;
				ENABLE_STRICT_OBJC_MSGSEND = YES;
				GCC_C_LANGUAGE_STANDARD = gnu11;
				GCC_NO_COMMON_BLOCKS = YES;
				GCC_WARN_64_TO_32_BIT_CONVERSION = YES;
				GCC_WARN_ABOUT_RETURN_TYPE = YES_ERROR;
				GCC_WARN_UNDECLARED_SELECTOR = YES;
				GCC_WARN_UNINITIALIZED_AUTOS = YES_AGGRESSIVE;
				GCC_WARN_UNUSED_FUNCTION = YES;
				GCC_WARN_UNUSED_VARIABLE = YES;
				IPHONEOS_DEPLOYMENT_TARGET = 14.0;
				MTL_ENABLE_DEBUG_INFO = NO;
				MTL_FAST_MATH = YES;
				SDKROOT = iphoneos;
				SWIFT_COMPILATION_MODE = wholemodule;
				SWIFT_OPTIMIZATION_LEVEL = "-O";
				VALIDATE_PRODUCT = YES;
			};
			name = Release;
		};
		EAD0A2DB251B20A400A848CC /* Debug */ = {
			isa = XCBuildConfiguration;
			buildSettings = {
				ASSETCATALOG_COMPILER_APPICON_NAME = AppIcon;
				ASSETCATALOG_COMPILER_GLOBAL_ACCENT_COLOR_NAME = AccentColor;
				CODE_SIGN_STYLE = Automatic;
				DEVELOPMENT_ASSET_PATHS = "\"WakeRatings/Preview Content\"";
				ENABLE_PREVIEWS = YES;
				INFOPLIST_FILE = WakeRatings/Info.plist;
				IPHONEOS_DEPLOYMENT_TARGET = 14.0;
				LD_RUNPATH_SEARCH_PATHS = (
					"$(inherited)",
					"@executable_path/Frameworks",
				);
				PRODUCT_BUNDLE_IDENTIFIER = com.CJDavis.WakeRatings;
				PRODUCT_NAME = "$(TARGET_NAME)";
				SWIFT_VERSION = 5.0;
				TARGETED_DEVICE_FAMILY = "1,2";
			};
			name = Debug;
		};
		EAD0A2DC251B20A400A848CC /* Release */ = {
			isa = XCBuildConfiguration;
			buildSettings = {
				ASSETCATALOG_COMPILER_APPICON_NAME = AppIcon;
				ASSETCATALOG_COMPILER_GLOBAL_ACCENT_COLOR_NAME = AccentColor;
				CODE_SIGN_STYLE = Automatic;
				DEVELOPMENT_ASSET_PATHS = "\"WakeRatings/Preview Content\"";
				ENABLE_PREVIEWS = YES;
				INFOPLIST_FILE = WakeRatings/Info.plist;
				IPHONEOS_DEPLOYMENT_TARGET = 14.0;
				LD_RUNPATH_SEARCH_PATHS = (
					"$(inherited)",
					"@executable_path/Frameworks",
				);
				PRODUCT_BUNDLE_IDENTIFIER = com.CJDavis.WakeRatings;
				PRODUCT_NAME = "$(TARGET_NAME)";
				SWIFT_VERSION = 5.0;
				TARGETED_DEVICE_FAMILY = "1,2";
			};
			name = Release;
		};
		EAD0A2DE251B20A400A848CC /* Debug */ = {
			isa = XCBuildConfiguration;
			buildSettings = {
				ALWAYS_EMBED_SWIFT_STANDARD_LIBRARIES = YES;
				BUNDLE_LOADER = "$(TEST_HOST)";
				CODE_SIGN_STYLE = Automatic;
				INFOPLIST_FILE = WakeRatingsTests/Info.plist;
				IPHONEOS_DEPLOYMENT_TARGET = 14.0;
				LD_RUNPATH_SEARCH_PATHS = (
					"$(inherited)",
					"@executable_path/Frameworks",
					"@loader_path/Frameworks",
				);
				PRODUCT_BUNDLE_IDENTIFIER = com.CJDavis.WakeRatingsTests;
				PRODUCT_NAME = "$(TARGET_NAME)";
				SWIFT_VERSION = 5.0;
				TARGETED_DEVICE_FAMILY = "1,2";
				TEST_HOST = "$(BUILT_PRODUCTS_DIR)/WakeRatings.app/WakeRatings";
			};
			name = Debug;
		};
		EAD0A2DF251B20A400A848CC /* Release */ = {
			isa = XCBuildConfiguration;
			buildSettings = {
				ALWAYS_EMBED_SWIFT_STANDARD_LIBRARIES = YES;
				BUNDLE_LOADER = "$(TEST_HOST)";
				CODE_SIGN_STYLE = Automatic;
				INFOPLIST_FILE = WakeRatingsTests/Info.plist;
				IPHONEOS_DEPLOYMENT_TARGET = 14.0;
				LD_RUNPATH_SEARCH_PATHS = (
					"$(inherited)",
					"@executable_path/Frameworks",
					"@loader_path/Frameworks",
				);
				PRODUCT_BUNDLE_IDENTIFIER = com.CJDavis.WakeRatingsTests;
				PRODUCT_NAME = "$(TARGET_NAME)";
				SWIFT_VERSION = 5.0;
				TARGETED_DEVICE_FAMILY = "1,2";
				TEST_HOST = "$(BUILT_PRODUCTS_DIR)/WakeRatings.app/WakeRatings";
			};
			name = Release;
		};
		EAD0A2E1251B20A400A848CC /* Debug */ = {
			isa = XCBuildConfiguration;
			buildSettings = {
				ALWAYS_EMBED_SWIFT_STANDARD_LIBRARIES = YES;
				CODE_SIGN_STYLE = Automatic;
				INFOPLIST_FILE = WakeRatingsUITests/Info.plist;
				LD_RUNPATH_SEARCH_PATHS = (
					"$(inherited)",
					"@executable_path/Frameworks",
					"@loader_path/Frameworks",
				);
				PRODUCT_BUNDLE_IDENTIFIER = com.CJDavis.WakeRatingsUITests;
				PRODUCT_NAME = "$(TARGET_NAME)";
				SWIFT_VERSION = 5.0;
				TARGETED_DEVICE_FAMILY = "1,2";
				TEST_TARGET_NAME = WakeRatings;
			};
			name = Debug;
		};
		EAD0A2E2251B20A400A848CC /* Release */ = {
			isa = XCBuildConfiguration;
			buildSettings = {
				ALWAYS_EMBED_SWIFT_STANDARD_LIBRARIES = YES;
				CODE_SIGN_STYLE = Automatic;
				INFOPLIST_FILE = WakeRatingsUITests/Info.plist;
				LD_RUNPATH_SEARCH_PATHS = (
					"$(inherited)",
					"@executable_path/Frameworks",
					"@loader_path/Frameworks",
				);
				PRODUCT_BUNDLE_IDENTIFIER = com.CJDavis.WakeRatingsUITests;
				PRODUCT_NAME = "$(TARGET_NAME)";
				SWIFT_VERSION = 5.0;
				TARGETED_DEVICE_FAMILY = "1,2";
				TEST_TARGET_NAME = WakeRatings;
			};
			name = Release;
		};
/* End XCBuildConfiguration section */

/* Begin XCConfigurationList section */
		EAD0A2B0251B20A100A848CC /* Build configuration list for PBXProject "WakeRatings" */ = {
			isa = XCConfigurationList;
			buildConfigurations = (
				EAD0A2D8251B20A400A848CC /* Debug */,
				EAD0A2D9251B20A400A848CC /* Release */,
			);
			defaultConfigurationIsVisible = 0;
			defaultConfigurationName = Release;
		};
		EAD0A2DA251B20A400A848CC /* Build configuration list for PBXNativeTarget "WakeRatings" */ = {
			isa = XCConfigurationList;
			buildConfigurations = (
				EAD0A2DB251B20A400A848CC /* Debug */,
				EAD0A2DC251B20A400A848CC /* Release */,
			);
			defaultConfigurationIsVisible = 0;
			defaultConfigurationName = Release;
		};
		EAD0A2DD251B20A400A848CC /* Build configuration list for PBXNativeTarget "WakeRatingsTests" */ = {
			isa = XCConfigurationList;
			buildConfigurations = (
				EAD0A2DE251B20A400A848CC /* Debug */,
				EAD0A2DF251B20A400A848CC /* Release */,
			);
			defaultConfigurationIsVisible = 0;
			defaultConfigurationName = Release;
		};
		EAD0A2E0251B20A400A848CC /* Build configuration list for PBXNativeTarget "WakeRatingsUITests" */ = {
			isa = XCConfigurationList;
			buildConfigurations = (
				EAD0A2E1251B20A400A848CC /* Debug */,
				EAD0A2E2251B20A400A848CC /* Release */,
			);
			defaultConfigurationIsVisible = 0;
			defaultConfigurationName = Release;
		};
/* End XCConfigurationList section */
	};
	rootObject = EAD0A2AD251B20A100A848CC /* Project object */;
}
