// !$*UTF8*$!
{
	archiveVersion = 1;
	classes = {
	};
	objectVersion = 52;
	objects = {

/* Begin PBXBuildFile section */
		EA493F4C252D2FC20091C14F /* Home.swift in Sources */ = {isa = PBXBuildFile; fileRef = EA493F4B252D2FC20091C14F /* Home.swift */; };
		EA493F55252D30330091C14F /* Department.swift in Sources */ = {isa = PBXBuildFile; fileRef = EA493F54252D30330091C14F /* Department.swift */; };
		EA493F5A252D30760091C14F /* Search.swift in Sources */ = {isa = PBXBuildFile; fileRef = EA493F59252D30760091C14F /* Search.swift */; };
		EA493F61252D30C70091C14F /* SearchBar.swift in Sources */ = {isa = PBXBuildFile; fileRef = EA493F60252D30C70091C14F /* SearchBar.swift */; };
		EA493F73252D31820091C14F /* DepartmentCard.swift in Sources */ = {isa = PBXBuildFile; fileRef = EA493F72252D31820091C14F /* DepartmentCard.swift */; };
		EA493F78252D31E30091C14F /* ReviewCell.swift in Sources */ = {isa = PBXBuildFile; fileRef = EA493F77252D31E30091C14F /* ReviewCell.swift */; };
		EA493F7D252D32120091C14F /* CreateReview.swift in Sources */ = {isa = PBXBuildFile; fileRef = EA493F7C252D32120091C14F /* CreateReview.swift */; };
		EA493F82252D322D0091C14F /* Rater.swift in Sources */ = {isa = PBXBuildFile; fileRef = EA493F81252D322D0091C14F /* Rater.swift */; };
		EA493F88252D327A0091C14F /* MultilineTextField.swift in Sources */ = {isa = PBXBuildFile; fileRef = EA493F87252D327A0091C14F /* MultilineTextField.swift */; };
		EA493F90252D32A00091C14F /* RoundedCorners.swift in Sources */ = {isa = PBXBuildFile; fileRef = EA493F8F252D32A00091C14F /* RoundedCorners.swift */; };
		EA493F9525369F0D0091C14F /* GoogleService-Info.plist in Resources */ = {isa = PBXBuildFile; fileRef = EA493F9425369F0D0091C14F /* GoogleService-Info.plist */; };
		EA493F9B2536A02C0091C14F /* FirebaseFirestore in Frameworks */ = {isa = PBXBuildFile; productRef = EA493F9A2536A02C0091C14F /* FirebaseFirestore */; };
		EA493F9D2536A02C0091C14F /* FirebaseDatabase in Frameworks */ = {isa = PBXBuildFile; productRef = EA493F9C2536A02C0091C14F /* FirebaseDatabase */; };
		EA493F9F2536A02C0091C14F /* FirebaseFirestoreSwift in Frameworks */ = {isa = PBXBuildFile; productRef = EA493F9E2536A02C0091C14F /* FirebaseFirestoreSwift */; };
		EA493FA12536A02C0091C14F /* FirebaseStorage in Frameworks */ = {isa = PBXBuildFile; productRef = EA493FA02536A02C0091C14F /* FirebaseStorage */; };
		EA493FA32536A02C0091C14F /* FirebaseStorageSwift in Frameworks */ = {isa = PBXBuildFile; productRef = EA493FA22536A02C0091C14F /* FirebaseStorageSwift */; };
		EA493FA52536A02C0091C14F /* FirebaseAuth in Frameworks */ = {isa = PBXBuildFile; productRef = EA493FA42536A02C0091C14F /* FirebaseAuth */; };
		EA493FA72536A02C0091C14F /* FirebaseFunctions in Frameworks */ = {isa = PBXBuildFile; productRef = EA493FA62536A02C0091C14F /* FirebaseFunctions */; };
		EA493FA92536A02C0091C14F /* FirebaseInAppMessaging-Beta in Frameworks */ = {isa = PBXBuildFile; productRef = EA493FA82536A02C0091C14F /* FirebaseInAppMessaging-Beta */; };
		EA493FAE2536A19E0091C14F /* Review.swift in Sources */ = {isa = PBXBuildFile; fileRef = EA493FAD2536A19E0091C14F /* Review.swift */; };
		EA493FB42536A2E90091C14F /* HomeViewModel.swift in Sources */ = {isa = PBXBuildFile; fileRef = EA493FB32536A2E90091C14F /* HomeViewModel.swift */; };
		EA493FBC2536A78B0091C14F /* CreateReviewViewModel.swift in Sources */ = {isa = PBXBuildFile; fileRef = EA493FBB2536A78A0091C14F /* CreateReviewViewModel.swift */; };
		EA6070FF251EF95700FA8423 /* LobsterTwo-Regular.ttf in Resources */ = {isa = PBXBuildFile; fileRef = EA6070FE251EF95700FA8423 /* LobsterTwo-Regular.ttf */; };
		EA607104251EF96100FA8423 /* LobsterTwo-Bold.ttf in Resources */ = {isa = PBXBuildFile; fileRef = EA607103251EF96100FA8423 /* LobsterTwo-Bold.ttf */; };
		EA607109251EF97A00FA8423 /* BerkshireSwash-Regular.ttf in Resources */ = {isa = PBXBuildFile; fileRef = EA607108251EF97A00FA8423 /* BerkshireSwash-Regular.ttf */; };
		EA60710E251EFA9F00FA8423 /* AliandoRocky.ttf in Resources */ = {isa = PBXBuildFile; fileRef = EA60710D251EFA9F00FA8423 /* AliandoRocky.ttf */; };
		EAD0A2B9251B20A200A848CC /* WakeRatingsApp.swift in Sources */ = {isa = PBXBuildFile; fileRef = EAD0A2B8251B20A200A848CC /* WakeRatingsApp.swift */; };
		EAD0A2BB251B20A200A848CC /* ContentView.swift in Sources */ = {isa = PBXBuildFile; fileRef = EAD0A2BA251B20A200A848CC /* ContentView.swift */; };
		EAD0A2BD251B20A300A848CC /* Assets.xcassets in Resources */ = {isa = PBXBuildFile; fileRef = EAD0A2BC251B20A300A848CC /* Assets.xcassets */; };
		EAD0A2C0251B20A300A848CC /* Preview Assets.xcassets in Resources */ = {isa = PBXBuildFile; fileRef = EAD0A2BF251B20A300A848CC /* Preview Assets.xcassets */; };
		EAD0A2CB251B20A400A848CC /* WakeRatingsTests.swift in Sources */ = {isa = PBXBuildFile; fileRef = EAD0A2CA251B20A400A848CC /* WakeRatingsTests.swift */; };
		EAD0A2D6251B20A400A848CC /* WakeRatingsUITests.swift in Sources */ = {isa = PBXBuildFile; fileRef = EAD0A2D5251B20A400A848CC /* WakeRatingsUITests.swift */; };
		EAD0A305251C291800A848CC /* calibri.ttf in Resources */ = {isa = PBXBuildFile; fileRef = EAD0A304251C291800A848CC /* calibri.ttf */; };
		EAD0A30A251C292300A848CC /* CALIBRIB.TTF in Resources */ = {isa = PBXBuildFile; fileRef = EAD0A309251C292300A848CC /* CALIBRIB.TTF */; };
		EAD0A310251C295600A848CC /* RockoFLF.ttf in Resources */ = {isa = PBXBuildFile; fileRef = EAD0A30E251C295500A848CC /* RockoFLF.ttf */; };
		EAD0A311251C295600A848CC /* RockoFLF-Bold.ttf in Resources */ = {isa = PBXBuildFile; fileRef = EAD0A30F251C295500A848CC /* RockoFLF-Bold.ttf */; };
/* End PBXBuildFile section */

/* Begin PBXContainerItemProxy section */
		EAD0A2C7251B20A400A848CC /* PBXContainerItemProxy */ = {
			isa = PBXContainerItemProxy;
			containerPortal = EAD0A2AD251B20A100A848CC /* Project object */;
			proxyType = 1;
			remoteGlobalIDString = EAD0A2B4251B20A200A848CC;
			remoteInfo = WakeRatings;
		};
		EAD0A2D2251B20A400A848CC /* PBXContainerItemProxy */ = {
			isa = PBXContainerItemProxy;
			containerPortal = EAD0A2AD251B20A100A848CC /* Project object */;
			proxyType = 1;
			remoteGlobalIDString = EAD0A2B4251B20A200A848CC;
			remoteInfo = WakeRatings;
		};
/* End PBXContainerItemProxy section */

/* Begin PBXFileReference section */
		EA493F4B252D2FC20091C14F /* Home.swift */ = {isa = PBXFileReference; lastKnownFileType = sourcecode.swift; path = Home.swift; sourceTree = "<group>"; };
		EA493F54252D30330091C14F /* Department.swift */ = {isa = PBXFileReference; lastKnownFileType = sourcecode.swift; path = Department.swift; sourceTree = "<group>"; };
		EA493F59252D30760091C14F /* Search.swift */ = {isa = PBXFileReference; lastKnownFileType = sourcecode.swift; path = Search.swift; sourceTree = "<group>"; };
		EA493F60252D30C70091C14F /* SearchBar.swift */ = {isa = PBXFileReference; lastKnownFileType = sourcecode.swift; path = SearchBar.swift; sourceTree = "<group>"; };
		EA493F72252D31820091C14F /* DepartmentCard.swift */ = {isa = PBXFileReference; lastKnownFileType = sourcecode.swift; path = DepartmentCard.swift; sourceTree = "<group>"; };
		EA493F77252D31E30091C14F /* ReviewCell.swift */ = {isa = PBXFileReference; lastKnownFileType = sourcecode.swift; path = ReviewCell.swift; sourceTree = "<group>"; };
		EA493F7C252D32120091C14F /* CreateReview.swift */ = {isa = PBXFileReference; lastKnownFileType = sourcecode.swift; path = CreateReview.swift; sourceTree = "<group>"; };
		EA493F81252D322D0091C14F /* Rater.swift */ = {isa = PBXFileReference; lastKnownFileType = sourcecode.swift; path = Rater.swift; sourceTree = "<group>"; };
		EA493F87252D327A0091C14F /* MultilineTextField.swift */ = {isa = PBXFileReference; lastKnownFileType = sourcecode.swift; path = MultilineTextField.swift; sourceTree = "<group>"; };
		EA493F8F252D32A00091C14F /* RoundedCorners.swift */ = {isa = PBXFileReference; lastKnownFileType = sourcecode.swift; path = RoundedCorners.swift; sourceTree = "<group>"; };
		EA493F9425369F0D0091C14F /* GoogleService-Info.plist */ = {isa = PBXFileReference; fileEncoding = 4; lastKnownFileType = text.plist.xml; path = "GoogleService-Info.plist"; sourceTree = "<group>"; };
		EA493FAD2536A19E0091C14F /* Review.swift */ = {isa = PBXFileReference; lastKnownFileType = sourcecode.swift; path = Review.swift; sourceTree = "<group>"; };
		EA493FB32536A2E90091C14F /* HomeViewModel.swift */ = {isa = PBXFileReference; lastKnownFileType = sourcecode.swift; path = HomeViewModel.swift; sourceTree = "<group>"; };
		EA493FBB2536A78A0091C14F /* CreateReviewViewModel.swift */ = {isa = PBXFileReference; lastKnownFileType = sourcecode.swift; path = CreateReviewViewModel.swift; sourceTree = "<group>"; };
		EA6070FE251EF95700FA8423 /* LobsterTwo-Regular.ttf */ = {isa = PBXFileReference; lastKnownFileType = file; path = "LobsterTwo-Regular.ttf"; sourceTree = "<group>"; };
		EA607103251EF96100FA8423 /* LobsterTwo-Bold.ttf */ = {isa = PBXFileReference; lastKnownFileType = file; path = "LobsterTwo-Bold.ttf"; sourceTree = "<group>"; };
		EA607108251EF97A00FA8423 /* BerkshireSwash-Regular.ttf */ = {isa = PBXFileReference; lastKnownFileType = file; path = "BerkshireSwash-Regular.ttf"; sourceTree = "<group>"; };
		EA60710D251EFA9F00FA8423 /* AliandoRocky.ttf */ = {isa = PBXFileReference; lastKnownFileType = file; path = AliandoRocky.ttf; sourceTree = "<group>"; };
		EAD0A2B5251B20A200A848CC /* WakeRatings.app */ = {isa = PBXFileReference; explicitFileType = wrapper.application; includeInIndex = 0; path = WakeRatings.app; sourceTree = BUILT_PRODUCTS_DIR; };
		EAD0A2B8251B20A200A848CC /* WakeRatingsApp.swift */ = {isa = PBXFileReference; lastKnownFileType = sourcecode.swift; path = WakeRatingsApp.swift; sourceTree = "<group>"; };
		EAD0A2BA251B20A200A848CC /* ContentView.swift */ = {isa = PBXFileReference; lastKnownFileType = sourcecode.swift; path = ContentView.swift; sourceTree = "<group>"; };
		EAD0A2BC251B20A300A848CC /* Assets.xcassets */ = {isa = PBXFileReference; lastKnownFileType = folder.assetcatalog; path = Assets.xcassets; sourceTree = "<group>"; };
		EAD0A2BF251B20A300A848CC /* Preview Assets.xcassets */ = {isa = PBXFileReference; lastKnownFileType = folder.assetcatalog; path = "Preview Assets.xcassets"; sourceTree = "<group>"; };
		EAD0A2C1251B20A300A848CC /* Info.plist */ = {isa = PBXFileReference; lastKnownFileType = text.plist.xml; path = Info.plist; sourceTree = "<group>"; };
		EAD0A2C6251B20A400A848CC /* WakeRatingsTests.xctest */ = {isa = PBXFileReference; explicitFileType = wrapper.cfbundle; includeInIndex = 0; path = WakeRatingsTests.xctest; sourceTree = BUILT_PRODUCTS_DIR; };
		EAD0A2CA251B20A400A848CC /* WakeRatingsTests.swift */ = {isa = PBXFileReference; lastKnownFileType = sourcecode.swift; path = WakeRatingsTests.swift; sourceTree = "<group>"; };
		EAD0A2CC251B20A400A848CC /* Info.plist */ = {isa = PBXFileReference; lastKnownFileType = text.plist.xml; path = Info.plist; sourceTree = "<group>"; };
		EAD0A2D1251B20A400A848CC /* WakeRatingsUITests.xctest */ = {isa = PBXFileReference; explicitFileType = wrapper.cfbundle; includeInIndex = 0; path = WakeRatingsUITests.xctest; sourceTree = BUILT_PRODUCTS_DIR; };
		EAD0A2D5251B20A400A848CC /* WakeRatingsUITests.swift */ = {isa = PBXFileReference; lastKnownFileType = sourcecode.swift; path = WakeRatingsUITests.swift; sourceTree = "<group>"; };
		EAD0A2D7251B20A400A848CC /* Info.plist */ = {isa = PBXFileReference; lastKnownFileType = text.plist.xml; path = Info.plist; sourceTree = "<group>"; };
		EAD0A304251C291800A848CC /* calibri.ttf */ = {isa = PBXFileReference; lastKnownFileType = file; path = calibri.ttf; sourceTree = "<group>"; };
		EAD0A309251C292300A848CC /* CALIBRIB.TTF */ = {isa = PBXFileReference; lastKnownFileType = file; path = CALIBRIB.TTF; sourceTree = "<group>"; };
		EAD0A30E251C295500A848CC /* RockoFLF.ttf */ = {isa = PBXFileReference; lastKnownFileType = file; path = RockoFLF.ttf; sourceTree = "<group>"; };
		EAD0A30F251C295500A848CC /* RockoFLF-Bold.ttf */ = {isa = PBXFileReference; lastKnownFileType = file; path = "RockoFLF-Bold.ttf"; sourceTree = "<group>"; };
/* End PBXFileReference section */

/* Begin PBXFrameworksBuildPhase section */
		EAD0A2B2251B20A200A848CC /* Frameworks */ = {
			isa = PBXFrameworksBuildPhase;
			buildActionMask = 2147483647;
			files = (
				EA493F9D2536A02C0091C14F /* FirebaseDatabase in Frameworks */,
				EA493FA72536A02C0091C14F /* FirebaseFunctions in Frameworks */,
				EA493FA52536A02C0091C14F /* FirebaseAuth in Frameworks */,
				EA493FA92536A02C0091C14F /* FirebaseInAppMessaging-Beta in Frameworks */,
				EA493FA12536A02C0091C14F /* FirebaseStorage in Frameworks */,
				EA493FA32536A02C0091C14F /* FirebaseStorageSwift in Frameworks */,
				EA493F9B2536A02C0091C14F /* FirebaseFirestore in Frameworks */,
				EA493F9F2536A02C0091C14F /* FirebaseFirestoreSwift in Frameworks */,
			);
			runOnlyForDeploymentPostprocessing = 0;
		};
		EAD0A2C3251B20A400A848CC /* Frameworks */ = {
			isa = PBXFrameworksBuildPhase;
			buildActionMask = 2147483647;
			files = (
			);
			runOnlyForDeploymentPostprocessing = 0;
		};
		EAD0A2CE251B20A400A848CC /* Frameworks */ = {
			isa = PBXFrameworksBuildPhase;
			buildActionMask = 2147483647;
			files = (
			);
			runOnlyForDeploymentPostprocessing = 0;
		};
/* End PBXFrameworksBuildPhase section */

/* Begin PBXGroup section */
		EA493F49252D2FA70091C14F /* View */ = {
			isa = PBXGroup;
			children = (
				EA493F4A252D2FB50091C14F /* Home */,
				EA493F6E252D31000091C14F /* Review */,
				EA493F5F252D30960091C14F /* Search */,
				EA493F86252D325A0091C14F /* Custom */,
			);
			path = View;
			sourceTree = "<group>";
		};
		EA493F4A252D2FB50091C14F /* Home */ = {
			isa = PBXGroup;
			children = (
				EA493F4B252D2FC20091C14F /* Home.swift */,
				EA493F72252D31820091C14F /* DepartmentCard.swift */,
				EA493F77252D31E30091C14F /* ReviewCell.swift */,
			);
			path = Home;
			sourceTree = "<group>";
		};
		EA493F53252D30030091C14F /* Model */ = {
			isa = PBXGroup;
			children = (
				EA493F54252D30330091C14F /* Department.swift */,
				EA493FAD2536A19E0091C14F /* Review.swift */,
			);
			path = Model;
			sourceTree = "<group>";
		};
		EA493F5F252D30960091C14F /* Search */ = {
			isa = PBXGroup;
			children = (
				EA493F59252D30760091C14F /* Search.swift */,
				EA493F60252D30C70091C14F /* SearchBar.swift */,
			);
			path = Search;
			sourceTree = "<group>";
		};
		EA493F6E252D31000091C14F /* Review */ = {
			isa = PBXGroup;
			children = (
				EA493F7C252D32120091C14F /* CreateReview.swift */,
				EA493F81252D322D0091C14F /* Rater.swift */,
			);
			path = Review;
			sourceTree = "<group>";
		};
		EA493F86252D325A0091C14F /* Custom */ = {
			isa = PBXGroup;
			children = (
				EA493F87252D327A0091C14F /* MultilineTextField.swift */,
				EA493F8F252D32A00091C14F /* RoundedCorners.swift */,
			);
			path = Custom;
			sourceTree = "<group>";
		};
		EA493FB22536A2D70091C14F /* ViewModel */ = {
			isa = PBXGroup;
			children = (
				EA493FB32536A2E90091C14F /* HomeViewModel.swift */,
				EA493FBB2536A78A0091C14F /* CreateReviewViewModel.swift */,
			);
			path = ViewModel;
			sourceTree = "<group>";
		};
		EAD0A2AC251B20A100A848CC = {
			isa = PBXGroup;
			children = (
				EA493F9425369F0D0091C14F /* GoogleService-Info.plist */,
				EAD0A2B7251B20A200A848CC /* WakeRatings */,
				EAD0A2C9251B20A400A848CC /* WakeRatingsTests */,
				EAD0A2D4251B20A400A848CC /* WakeRatingsUITests */,
				EAD0A2B6251B20A200A848CC /* Products */,
			);
			sourceTree = "<group>";
		};
		EAD0A2B6251B20A200A848CC /* Products */ = {
			isa = PBXGroup;
			children = (
				EAD0A2B5251B20A200A848CC /* WakeRatings.app */,
				EAD0A2C6251B20A400A848CC /* WakeRatingsTests.xctest */,
				EAD0A2D1251B20A400A848CC /* WakeRatingsUITests.xctest */,
			);
			name = Products;
			sourceTree = "<group>";
		};
		EAD0A2B7251B20A200A848CC /* WakeRatings */ = {
			isa = PBXGroup;
			children = (
				EA493FB22536A2D70091C14F /* ViewModel */,
				EA493F53252D30030091C14F /* Model */,
				EA493F49252D2FA70091C14F /* View */,
				EAD0A303251C000900A848CC /* Fonts */,
				EAD0A2B8251B20A200A848CC /* WakeRatingsApp.swift */,
				EAD0A2BA251B20A200A848CC /* ContentView.swift */,
				EAD0A2BC251B20A300A848CC /* Assets.xcassets */,
				EAD0A2C1251B20A300A848CC /* Info.plist */,
				EAD0A2BE251B20A300A848CC /* Preview Content */,
			);
			path = WakeRatings;
			sourceTree = "<group>";
		};
		EAD0A2BE251B20A300A848CC /* Preview Content */ = {
			isa = PBXGroup;
			children = (
				EAD0A2BF251B20A300A848CC /* Preview Assets.xcassets */,
			);
			path = "Preview Content";
			sourceTree = "<group>";
		};
		EAD0A2C9251B20A400A848CC /* WakeRatingsTests */ = {
			isa = PBXGroup;
			children = (
				EAD0A2CA251B20A400A848CC /* WakeRatingsTests.swift */,
				EAD0A2CC251B20A400A848CC /* Info.plist */,
			);
			path = WakeRatingsTests;
			sourceTree = "<group>";
		};
		EAD0A2D4251B20A400A848CC /* WakeRatingsUITests */ = {
			isa = PBXGroup;
			children = (
				EAD0A2D5251B20A400A848CC /* WakeRatingsUITests.swift */,
				EAD0A2D7251B20A400A848CC /* Info.plist */,
			);
			path = WakeRatingsUITests;
			sourceTree = "<group>";
		};
		EAD0A303251C000900A848CC /* Fonts */ = {
			isa = PBXGroup;
			children = (
				EA6070FE251EF95700FA8423 /* LobsterTwo-Regular.ttf */,
				EA607103251EF96100FA8423 /* LobsterTwo-Bold.ttf */,
				EA607108251EF97A00FA8423 /* BerkshireSwash-Regular.ttf */,
				EAD0A30F251C295500A848CC /* RockoFLF-Bold.ttf */,
				EAD0A30E251C295500A848CC /* RockoFLF.ttf */,
				EAD0A309251C292300A848CC /* CALIBRIB.TTF */,
				EAD0A304251C291800A848CC /* calibri.ttf */,
				EA60710D251EFA9F00FA8423 /* AliandoRocky.ttf */,
			);
			path = Fonts;
			sourceTree = "<group>";
		};
/* End PBXGroup section */

/* Begin PBXNativeTarget section */
		EAD0A2B4251B20A200A848CC /* WakeRatings */ = {
			isa = PBXNativeTarget;
			buildConfigurationList = EAD0A2DA251B20A400A848CC /* Build configuration list for PBXNativeTarget "WakeRatings" */;
			buildPhases = (
				EAD0A2B1251B20A200A848CC /* Sources */,
				EAD0A2B2251B20A200A848CC /* Frameworks */,
				EAD0A2B3251B20A200A848CC /* Resources */,
			);
			buildRules = (
			);
			dependencies = (
			);
			name = WakeRatings;
			packageProductDependencies = (
				EA493F9A2536A02C0091C14F /* FirebaseFirestore */,
				EA493F9C2536A02C0091C14F /* FirebaseDatabase */,
				EA493F9E2536A02C0091C14F /* FirebaseFirestoreSwift */,
				EA493FA02536A02C0091C14F /* FirebaseStorage */,
				EA493FA22536A02C0091C14F /* FirebaseStorageSwift */,
				EA493FA42536A02C0091C14F /* FirebaseAuth */,
				EA493FA62536A02C0091C14F /* FirebaseFunctions */,
				EA493FA82536A02C0091C14F /* FirebaseInAppMessaging-Beta */,
			);
			productName = WakeRatings;
			productReference = EAD0A2B5251B20A200A848CC /* WakeRatings.app */;
			productType = "com.apple.product-type.application";
		};
		EAD0A2C5251B20A400A848CC /* WakeRatingsTests */ = {
			isa = PBXNativeTarget;
			buildConfigurationList = EAD0A2DD251B20A400A848CC /* Build configuration list for PBXNativeTarget "WakeRatingsTests" */;
			buildPhases = (
				EAD0A2C2251B20A400A848CC /* Sources */,
				EAD0A2C3251B20A400A848CC /* Frameworks */,
				EAD0A2C4251B20A400A848CC /* Resources */,
			);
			buildRules = (
			);
			dependencies = (
				EAD0A2C8251B20A400A848CC /* PBXTargetDependency */,
			);
			name = WakeRatingsTests;
			productName = WakeRatingsTests;
			productReference = EAD0A2C6251B20A400A848CC /* WakeRatingsTests.xctest */;
			productType = "com.apple.product-type.bundle.unit-test";
		};
		EAD0A2D0251B20A400A848CC /* WakeRatingsUITests */ = {
			isa = PBXNativeTarget;
			buildConfigurationList = EAD0A2E0251B20A400A848CC /* Build configuration list for PBXNativeTarget "WakeRatingsUITests" */;
			buildPhases = (
				EAD0A2CD251B20A400A848CC /* Sources */,
				EAD0A2CE251B20A400A848CC /* Frameworks */,
				EAD0A2CF251B20A400A848CC /* Resources */,
			);
			buildRules = (
			);
			dependencies = (
				EAD0A2D3251B20A400A848CC /* PBXTargetDependency */,
			);
			name = WakeRatingsUITests;
			productName = WakeRatingsUITests;
			productReference = EAD0A2D1251B20A400A848CC /* WakeRatingsUITests.xctest */;
			productType = "com.apple.product-type.bundle.ui-testing";
		};
/* End PBXNativeTarget section */

/* Begin PBXProject section */
		EAD0A2AD251B20A100A848CC /* Project object */ = {
			isa = PBXProject;
			attributes = {
				LastSwiftUpdateCheck = 1200;
				LastUpgradeCheck = 1200;
				TargetAttributes = {
					EAD0A2B4251B20A200A848CC = {
						CreatedOnToolsVersion = 12.0;
					};
					EAD0A2C5251B20A400A848CC = {
						CreatedOnToolsVersion = 12.0;
						TestTargetID = EAD0A2B4251B20A200A848CC;
					};
					EAD0A2D0251B20A400A848CC = {
						CreatedOnToolsVersion = 12.0;
						TestTargetID = EAD0A2B4251B20A200A848CC;
					};
				};
			};
			buildConfigurationList = EAD0A2B0251B20A100A848CC /* Build configuration list for PBXProject "WakeRatings" */;
			compatibilityVersion = "Xcode 9.3";
			developmentRegion = en;
			hasScannedForEncodings = 0;
			knownRegions = (
				en,
				Base,
			);
			mainGroup = EAD0A2AC251B20A100A848CC;
			packageReferences = (
				EA493F992536A02C0091C14F /* XCRemoteSwiftPackageReference "firebase-ios-sdk" */,
			);
			productRefGroup = EAD0A2B6251B20A200A848CC /* Products */;
			projectDirPath = "";
			projectRoot = "";
			targets = (
				EAD0A2B4251B20A200A848CC /* WakeRatings */,
				EAD0A2C5251B20A400A848CC /* WakeRatingsTests */,
				EAD0A2D0251B20A400A848CC /* WakeRatingsUITests */,
			);
		};
/* End PBXProject section */

/* Begin PBXResourcesBuildPhase section */
		EAD0A2B3251B20A200A848CC /* Resources */ = {
			isa = PBXResourcesBuildPhase;
			buildActionMask = 2147483647;
			files = (
				EAD0A30A251C292300A848CC /* CALIBRIB.TTF in Resources */,
				EA6070FF251EF95700FA8423 /* LobsterTwo-Regular.ttf in Resources */,
				EA607104251EF96100FA8423 /* LobsterTwo-Bold.ttf in Resources */,
				EAD0A2C0251B20A300A848CC /* Preview Assets.xcassets in Resources */,
				EAD0A305251C291800A848CC /* calibri.ttf in Resources */,
				EA493F9525369F0D0091C14F /* GoogleService-Info.plist in Resources */,
				EAD0A2BD251B20A300A848CC /* Assets.xcassets in Resources */,
				EA60710E251EFA9F00FA8423 /* AliandoRocky.ttf in Resources */,
				EA607109251EF97A00FA8423 /* BerkshireSwash-Regular.ttf in Resources */,
				EAD0A310251C295600A848CC /* RockoFLF.ttf in Resources */,
				EAD0A311251C295600A848CC /* RockoFLF-Bold.ttf in Resources */,
			);
			runOnlyForDeploymentPostprocessing = 0;
		};
		EAD0A2C4251B20A400A848CC /* Resources */ = {
			isa = PBXResourcesBuildPhase;
			buildActionMask = 2147483647;
			files = (
			);
			runOnlyForDeploymentPostprocessing = 0;
		};
		EAD0A2CF251B20A400A848CC /* Resources */ = {
			isa = PBXResourcesBuildPhase;
			buildActionMask = 2147483647;
			files = (
			);
			runOnlyForDeploymentPostprocessing = 0;
		};
/* End PBXResourcesBuildPhase section */

/* Begin PBXSourcesBuildPhase section */
		EAD0A2B1251B20A200A848CC /* Sources */ = {
			isa = PBXSourcesBuildPhase;
			buildActionMask = 2147483647;
			files = (
				EA493F82252D322D0091C14F /* Rater.swift in Sources */,
				EAD0A2BB251B20A200A848CC /* ContentView.swift in Sources */,
				EA493F7D252D32120091C14F /* CreateReview.swift in Sources */,
				EA493F4C252D2FC20091C14F /* Home.swift in Sources */,
				EA493F90252D32A00091C14F /* RoundedCorners.swift in Sources */,
				EA493F5A252D30760091C14F /* Search.swift in Sources */,
				EAD0A2B9251B20A200A848CC /* WakeRatingsApp.swift in Sources */,
				EA493FBC2536A78B0091C14F /* CreateReviewViewModel.swift in Sources */,
				EA493F73252D31820091C14F /* DepartmentCard.swift in Sources */,
				EA493FAE2536A19E0091C14F /* Review.swift in Sources */,
				EA493FB42536A2E90091C14F /* HomeViewModel.swift in Sources */,
				EA493F78252D31E30091C14F /* ReviewCell.swift in Sources */,
				EA493F55252D30330091C14F /* Department.swift in Sources */,
				EA493F61252D30C70091C14F /* SearchBar.swift in Sources */,
				EA493F88252D327A0091C14F /* MultilineTextField.swift in Sources */,
			);
			runOnlyForDeploymentPostprocessing = 0;
		};
		EAD0A2C2251B20A400A848CC /* Sources */ = {
			isa = PBXSourcesBuildPhase;
			buildActionMask = 2147483647;
			files = (
				EAD0A2CB251B20A400A848CC /* WakeRatingsTests.swift in Sources */,
			);
			runOnlyForDeploymentPostprocessing = 0;
		};
		EAD0A2CD251B20A400A848CC /* Sources */ = {
			isa = PBXSourcesBuildPhase;
			buildActionMask = 2147483647;
			files = (
				EAD0A2D6251B20A400A848CC /* WakeRatingsUITests.swift in Sources */,
			);
			runOnlyForDeploymentPostprocessing = 0;
		};
/* End PBXSourcesBuildPhase section */

/* Begin PBXTargetDependency section */
		EAD0A2C8251B20A400A848CC /* PBXTargetDependency */ = {
			isa = PBXTargetDependency;
			target = EAD0A2B4251B20A200A848CC /* WakeRatings */;
			targetProxy = EAD0A2C7251B20A400A848CC /* PBXContainerItemProxy */;
		};
		EAD0A2D3251B20A400A848CC /* PBXTargetDependency */ = {
			isa = PBXTargetDependency;
			target = EAD0A2B4251B20A200A848CC /* WakeRatings */;
			targetProxy = EAD0A2D2251B20A400A848CC /* PBXContainerItemProxy */;
		};
/* End PBXTargetDependency section */

/* Begin XCBuildConfiguration section */
		EAD0A2D8251B20A400A848CC /* Debug */ = {
			isa = XCBuildConfiguration;
			buildSettings = {
				ALWAYS_SEARCH_USER_PATHS = NO;
				CLANG_ANALYZER_NONNULL = YES;
				CLANG_ANALYZER_NUMBER_OBJECT_CONVERSION = YES_AGGRESSIVE;
				CLANG_CXX_LANGUAGE_STANDARD = "gnu++14";
				CLANG_CXX_LIBRARY = "libc++";
				CLANG_ENABLE_MODULES = YES;
				CLANG_ENABLE_OBJC_ARC = YES;
				CLANG_ENABLE_OBJC_WEAK = YES;
				CLANG_WARN_BLOCK_CAPTURE_AUTORELEASING = YES;
				CLANG_WARN_BOOL_CONVERSION = YES;
				CLANG_WARN_COMMA = YES;
				CLANG_WARN_CONSTANT_CONVERSION = YES;
				CLANG_WARN_DEPRECATED_OBJC_IMPLEMENTATIONS = YES;
				CLANG_WARN_DIRECT_OBJC_ISA_USAGE = YES_ERROR;
				CLANG_WARN_DOCUMENTATION_COMMENTS = YES;
				CLANG_WARN_EMPTY_BODY = YES;
				CLANG_WARN_ENUM_CONVERSION = YES;
				CLANG_WARN_INFINITE_RECURSION = YES;
				CLANG_WARN_INT_CONVERSION = YES;
				CLANG_WARN_NON_LITERAL_NULL_CONVERSION = YES;
				CLANG_WARN_OBJC_IMPLICIT_RETAIN_SELF = YES;
				CLANG_WARN_OBJC_LITERAL_CONVERSION = YES;
				CLANG_WARN_OBJC_ROOT_CLASS = YES_ERROR;
				CLANG_WARN_QUOTED_INCLUDE_IN_FRAMEWORK_HEADER = YES;
				CLANG_WARN_RANGE_LOOP_ANALYSIS = YES;
				CLANG_WARN_STRICT_PROTOTYPES = YES;
				CLANG_WARN_SUSPICIOUS_MOVE = YES;
				CLANG_WARN_UNGUARDED_AVAILABILITY = YES_AGGRESSIVE;
				CLANG_WARN_UNREACHABLE_CODE = YES;
				CLANG_WARN__DUPLICATE_METHOD_MATCH = YES;
				COPY_PHASE_STRIP = NO;
				DEBUG_INFORMATION_FORMAT = dwarf;
				ENABLE_STRICT_OBJC_MSGSEND = YES;
				ENABLE_TESTABILITY = YES;
				GCC_C_LANGUAGE_STANDARD = gnu11;
				GCC_DYNAMIC_NO_PIC = NO;
				GCC_NO_COMMON_BLOCKS = YES;
				GCC_OPTIMIZATION_LEVEL = 0;
				GCC_PREPROCESSOR_DEFINITIONS = (
					"DEBUG=1",
					"$(inherited)",
				);
				GCC_WARN_64_TO_32_BIT_CONVERSION = YES;
				GCC_WARN_ABOUT_RETURN_TYPE = YES_ERROR;
				GCC_WARN_UNDECLARED_SELECTOR = YES;
				GCC_WARN_UNINITIALIZED_AUTOS = YES_AGGRESSIVE;
				GCC_WARN_UNUSED_FUNCTION = YES;
				GCC_WARN_UNUSED_VARIABLE = YES;
				IPHONEOS_DEPLOYMENT_TARGET = 14.0;
				MTL_ENABLE_DEBUG_INFO = INCLUDE_SOURCE;
				MTL_FAST_MATH = YES;
				ONLY_ACTIVE_ARCH = YES;
				SDKROOT = iphoneos;
				SWIFT_ACTIVE_COMPILATION_CONDITIONS = DEBUG;
				SWIFT_OPTIMIZATION_LEVEL = "-Onone";
			};
			name = Debug;
		};
		EAD0A2D9251B20A400A848CC /* Release */ = {
			isa = XCBuildConfiguration;
			buildSettings = {
				ALWAYS_SEARCH_USER_PATHS = NO;
				CLANG_ANALYZER_NONNULL = YES;
				CLANG_ANALYZER_NUMBER_OBJECT_CONVERSION = YES_AGGRESSIVE;
				CLANG_CXX_LANGUAGE_STANDARD = "gnu++14";
				CLANG_CXX_LIBRARY = "libc++";
				CLANG_ENABLE_MODULES = YES;
				CLANG_ENABLE_OBJC_ARC = YES;
				CLANG_ENABLE_OBJC_WEAK = YES;
				CLANG_WARN_BLOCK_CAPTURE_AUTORELEASING = YES;
				CLANG_WARN_BOOL_CONVERSION = YES;
				CLANG_WARN_COMMA = YES;
				CLANG_WARN_CONSTANT_CONVERSION = YES;
				CLANG_WARN_DEPRECATED_OBJC_IMPLEMENTATIONS = YES;
				CLANG_WARN_DIRECT_OBJC_ISA_USAGE = YES_ERROR;
				CLANG_WARN_DOCUMENTATION_COMMENTS = YES;
				CLANG_WARN_EMPTY_BODY = YES;
				CLANG_WARN_ENUM_CONVERSION = YES;
				CLANG_WARN_INFINITE_RECURSION = YES;
				CLANG_WARN_INT_CONVERSION = YES;
				CLANG_WARN_NON_LITERAL_NULL_CONVERSION = YES;
				CLANG_WARN_OBJC_IMPLICIT_RETAIN_SELF = YES;
				CLANG_WARN_OBJC_LITERAL_CONVERSION = YES;
				CLANG_WARN_OBJC_ROOT_CLASS = YES_ERROR;
				CLANG_WARN_QUOTED_INCLUDE_IN_FRAMEWORK_HEADER = YES;
				CLANG_WARN_RANGE_LOOP_ANALYSIS = YES;
				CLANG_WARN_STRICT_PROTOTYPES = YES;
				CLANG_WARN_SUSPICIOUS_MOVE = YES;
				CLANG_WARN_UNGUARDED_AVAILABILITY = YES_AGGRESSIVE;
				CLANG_WARN_UNREACHABLE_CODE = YES;
				CLANG_WARN__DUPLICATE_METHOD_MATCH = YES;
				COPY_PHASE_STRIP = NO;
				DEBUG_INFORMATION_FORMAT = "dwarf-with-dsym";
				ENABLE_NS_ASSERTIONS = NO;
				ENABLE_STRICT_OBJC_MSGSEND = YES;
				GCC_C_LANGUAGE_STANDARD = gnu11;
				GCC_NO_COMMON_BLOCKS = YES;
				GCC_WARN_64_TO_32_BIT_CONVERSION = YES;
				GCC_WARN_ABOUT_RETURN_TYPE = YES_ERROR;
				GCC_WARN_UNDECLARED_SELECTOR = YES;
				GCC_WARN_UNINITIALIZED_AUTOS = YES_AGGRESSIVE;
				GCC_WARN_UNUSED_FUNCTION = YES;
				GCC_WARN_UNUSED_VARIABLE = YES;
				IPHONEOS_DEPLOYMENT_TARGET = 14.0;
				MTL_ENABLE_DEBUG_INFO = NO;
				MTL_FAST_MATH = YES;
				SDKROOT = iphoneos;
				SWIFT_COMPILATION_MODE = wholemodule;
				SWIFT_OPTIMIZATION_LEVEL = "-O";
				VALIDATE_PRODUCT = YES;
			};
			name = Release;
		};
		EAD0A2DB251B20A400A848CC /* Debug */ = {
			isa = XCBuildConfiguration;
			buildSettings = {
				ASSETCATALOG_COMPILER_APPICON_NAME = AppIcon;
				ASSETCATALOG_COMPILER_GLOBAL_ACCENT_COLOR_NAME = AccentColor;
				CODE_SIGN_STYLE = Automatic;
				DEVELOPMENT_ASSET_PATHS = "\"WakeRatings/Preview Content\"";
				ENABLE_PREVIEWS = YES;
				INFOPLIST_FILE = WakeRatings/Info.plist;
				IPHONEOS_DEPLOYMENT_TARGET = 14.0;
				LD_RUNPATH_SEARCH_PATHS = (
					"$(inherited)",
					"@executable_path/Frameworks",
				);
				PRODUCT_BUNDLE_IDENTIFIER = com.CJDavis.WakeRatings;
				PRODUCT_NAME = "$(TARGET_NAME)";
				SWIFT_VERSION = 5.0;
				TARGETED_DEVICE_FAMILY = "1,2";
			};
			name = Debug;
		};
		EAD0A2DC251B20A400A848CC /* Release */ = {
			isa = XCBuildConfiguration;
			buildSettings = {
				ASSETCATALOG_COMPILER_APPICON_NAME = AppIcon;
				ASSETCATALOG_COMPILER_GLOBAL_ACCENT_COLOR_NAME = AccentColor;
				CODE_SIGN_STYLE = Automatic;
				DEVELOPMENT_ASSET_PATHS = "\"WakeRatings/Preview Content\"";
				ENABLE_PREVIEWS = YES;
				INFOPLIST_FILE = WakeRatings/Info.plist;
				IPHONEOS_DEPLOYMENT_TARGET = 14.0;
				LD_RUNPATH_SEARCH_PATHS = (
					"$(inherited)",
					"@executable_path/Frameworks",
				);
				PRODUCT_BUNDLE_IDENTIFIER = com.CJDavis.WakeRatings;
				PRODUCT_NAME = "$(TARGET_NAME)";
				SWIFT_VERSION = 5.0;
				TARGETED_DEVICE_FAMILY = "1,2";
			};
			name = Release;
		};
		EAD0A2DE251B20A400A848CC /* Debug */ = {
			isa = XCBuildConfiguration;
			buildSettings = {
				ALWAYS_EMBED_SWIFT_STANDARD_LIBRARIES = YES;
				BUNDLE_LOADER = "$(TEST_HOST)";
				CODE_SIGN_STYLE = Automatic;
				INFOPLIST_FILE = WakeRatingsTests/Info.plist;
				IPHONEOS_DEPLOYMENT_TARGET = 14.0;
				LD_RUNPATH_SEARCH_PATHS = (
					"$(inherited)",
					"@executable_path/Frameworks",
					"@loader_path/Frameworks",
				);
				PRODUCT_BUNDLE_IDENTIFIER = com.CJDavis.WakeRatingsTests;
				PRODUCT_NAME = "$(TARGET_NAME)";
				SWIFT_VERSION = 5.0;
				TARGETED_DEVICE_FAMILY = "1,2";
				TEST_HOST = "$(BUILT_PRODUCTS_DIR)/WakeRatings.app/WakeRatings";
			};
			name = Debug;
		};
		EAD0A2DF251B20A400A848CC /* Release */ = {
			isa = XCBuildConfiguration;
			buildSettings = {
				ALWAYS_EMBED_SWIFT_STANDARD_LIBRARIES = YES;
				BUNDLE_LOADER = "$(TEST_HOST)";
				CODE_SIGN_STYLE = Automatic;
				INFOPLIST_FILE = WakeRatingsTests/Info.plist;
				IPHONEOS_DEPLOYMENT_TARGET = 14.0;
				LD_RUNPATH_SEARCH_PATHS = (
					"$(inherited)",
					"@executable_path/Frameworks",
					"@loader_path/Frameworks",
				);
				PRODUCT_BUNDLE_IDENTIFIER = com.CJDavis.WakeRatingsTests;
				PRODUCT_NAME = "$(TARGET_NAME)";
				SWIFT_VERSION = 5.0;
				TARGETED_DEVICE_FAMILY = "1,2";
				TEST_HOST = "$(BUILT_PRODUCTS_DIR)/WakeRatings.app/WakeRatings";
			};
			name = Release;
		};
		EAD0A2E1251B20A400A848CC /* Debug */ = {
			isa = XCBuildConfiguration;
			buildSettings = {
				ALWAYS_EMBED_SWIFT_STANDARD_LIBRARIES = YES;
				CODE_SIGN_STYLE = Automatic;
				INFOPLIST_FILE = WakeRatingsUITests/Info.plist;
				LD_RUNPATH_SEARCH_PATHS = (
					"$(inherited)",
					"@executable_path/Frameworks",
					"@loader_path/Frameworks",
				);
				PRODUCT_BUNDLE_IDENTIFIER = com.CJDavis.WakeRatingsUITests;
				PRODUCT_NAME = "$(TARGET_NAME)";
				SWIFT_VERSION = 5.0;
				TARGETED_DEVICE_FAMILY = "1,2";
				TEST_TARGET_NAME = WakeRatings;
			};
			name = Debug;
		};
		EAD0A2E2251B20A400A848CC /* Release */ = {
			isa = XCBuildConfiguration;
			buildSettings = {
				ALWAYS_EMBED_SWIFT_STANDARD_LIBRARIES = YES;
				CODE_SIGN_STYLE = Automatic;
				INFOPLIST_FILE = WakeRatingsUITests/Info.plist;
				LD_RUNPATH_SEARCH_PATHS = (
					"$(inherited)",
					"@executable_path/Frameworks",
					"@loader_path/Frameworks",
				);
				PRODUCT_BUNDLE_IDENTIFIER = com.CJDavis.WakeRatingsUITests;
				PRODUCT_NAME = "$(TARGET_NAME)";
				SWIFT_VERSION = 5.0;
				TARGETED_DEVICE_FAMILY = "1,2";
				TEST_TARGET_NAME = WakeRatings;
			};
			name = Release;
		};
/* End XCBuildConfiguration section */

/* Begin XCConfigurationList section */
		EAD0A2B0251B20A100A848CC /* Build configuration list for PBXProject "WakeRatings" */ = {
			isa = XCConfigurationList;
			buildConfigurations = (
				EAD0A2D8251B20A400A848CC /* Debug */,
				EAD0A2D9251B20A400A848CC /* Release */,
			);
			defaultConfigurationIsVisible = 0;
			defaultConfigurationName = Release;
		};
		EAD0A2DA251B20A400A848CC /* Build configuration list for PBXNativeTarget "WakeRatings" */ = {
			isa = XCConfigurationList;
			buildConfigurations = (
				EAD0A2DB251B20A400A848CC /* Debug */,
				EAD0A2DC251B20A400A848CC /* Release */,
			);
			defaultConfigurationIsVisible = 0;
			defaultConfigurationName = Release;
		};
		EAD0A2DD251B20A400A848CC /* Build configuration list for PBXNativeTarget "WakeRatingsTests" */ = {
			isa = XCConfigurationList;
			buildConfigurations = (
				EAD0A2DE251B20A400A848CC /* Debug */,
				EAD0A2DF251B20A400A848CC /* Release */,
			);
			defaultConfigurationIsVisible = 0;
			defaultConfigurationName = Release;
		};
		EAD0A2E0251B20A400A848CC /* Build configuration list for PBXNativeTarget "WakeRatingsUITests" */ = {
			isa = XCConfigurationList;
			buildConfigurations = (
				EAD0A2E1251B20A400A848CC /* Debug */,
				EAD0A2E2251B20A400A848CC /* Release */,
			);
			defaultConfigurationIsVisible = 0;
			defaultConfigurationName = Release;
		};
/* End XCConfigurationList section */

/* Begin XCRemoteSwiftPackageReference section */
		EA493F992536A02C0091C14F /* XCRemoteSwiftPackageReference "firebase-ios-sdk" */ = {
			isa = XCRemoteSwiftPackageReference;
			repositoryURL = "https://github.com/firebase/firebase-ios-sdk.git";
			requirement = {
				branch = "6.34-spm-beta";
				kind = branch;
			};
		};
/* End XCRemoteSwiftPackageReference section */

/* Begin XCSwiftPackageProductDependency section */
		EA493F9A2536A02C0091C14F /* FirebaseFirestore */ = {
			isa = XCSwiftPackageProductDependency;
			package = EA493F992536A02C0091C14F /* XCRemoteSwiftPackageReference "firebase-ios-sdk" */;
			productName = FirebaseFirestore;
		};
		EA493F9C2536A02C0091C14F /* FirebaseDatabase */ = {
			isa = XCSwiftPackageProductDependency;
			package = EA493F992536A02C0091C14F /* XCRemoteSwiftPackageReference "firebase-ios-sdk" */;
			productName = FirebaseDatabase;
		};
		EA493F9E2536A02C0091C14F /* FirebaseFirestoreSwift */ = {
			isa = XCSwiftPackageProductDependency;
			package = EA493F992536A02C0091C14F /* XCRemoteSwiftPackageReference "firebase-ios-sdk" */;
			productName = FirebaseFirestoreSwift;
		};
		EA493FA02536A02C0091C14F /* FirebaseStorage */ = {
			isa = XCSwiftPackageProductDependency;
			package = EA493F992536A02C0091C14F /* XCRemoteSwiftPackageReference "firebase-ios-sdk" */;
			productName = FirebaseStorage;
		};
		EA493FA22536A02C0091C14F /* FirebaseStorageSwift */ = {
			isa = XCSwiftPackageProductDependency;
			package = EA493F992536A02C0091C14F /* XCRemoteSwiftPackageReference "firebase-ios-sdk" */;
			productName = FirebaseStorageSwift;
		};
		EA493FA42536A02C0091C14F /* FirebaseAuth */ = {
			isa = XCSwiftPackageProductDependency;
			package = EA493F992536A02C0091C14F /* XCRemoteSwiftPackageReference "firebase-ios-sdk" */;
			productName = FirebaseAuth;
		};
		EA493FA62536A02C0091C14F /* FirebaseFunctions */ = {
			isa = XCSwiftPackageProductDependency;
			package = EA493F992536A02C0091C14F /* XCRemoteSwiftPackageReference "firebase-ios-sdk" */;
			productName = FirebaseFunctions;
		};
		EA493FA82536A02C0091C14F /* FirebaseInAppMessaging-Beta */ = {
			isa = XCSwiftPackageProductDependency;
			package = EA493F992536A02C0091C14F /* XCRemoteSwiftPackageReference "firebase-ios-sdk" */;
			productName = "FirebaseInAppMessaging-Beta";
		};
/* End XCSwiftPackageProductDependency section */
	};
	rootObject = EAD0A2AD251B20A100A848CC /* Project object */;
}
